
Microsoft Visual Studio Solution File, Format Version 12.00
# Visual Studio Version 17
VisualStudioVersion = 17.1.32421.90
MinimumVisualStudioVersion = 10.0.40219.1
Project("{FAE04EC0-301F-11D3-BF4B-00C04F79EFBC}") = "NewBatch", "NewBatch\NewBatch.csproj", "{7CFD7D7B-ED4D-4100-98F0-81BB552D195A}"
EndProject
Global
	GlobalSection(SolutionConfigurationPlatforms) = preSolution
		Debug|Any CPU = Debug|Any CPU
		Release|Any CPU = Release|Any CPU
	EndGlobalSection
	GlobalSection(ProjectConfigurationPlatforms) = postSolution
		{7CFD7D7B-ED4D-4100-98F0-81BB552D195A}.Debug|Any CPU.ActiveCfg = Debug|Any CPU
		{7CFD7D7B-ED4D-4100-98F0-81BB552D195A}.Debug|Any CPU.Build.0 = Debug|Any CPU
		{7CFD7D7B-ED4D-4100-98F0-81BB552D195A}.Release|Any CPU.ActiveCfg = Release|Any CPU
		{7CFD7D7B-ED4D-4100-98F0-81BB552D195A}.Release|Any CPU.Build.0 = Release|Any CPU
	EndGlobalSection
	GlobalSection(SolutionProperties) = preSolution
		HideSolutionNode = FALSE
	EndGlobalSection
	GlobalSection(ExtensibilityGlobals) = postSolution
		SolutionGuid = {85D40C27-A1F8-4FAD-A254-12042E7DB647}
	EndGlobalSection
EndGlobal
